
Microsoft Visual Studio Solution File, Format Version 12.00
# Visual Studio 15
VisualStudioVersion = 15.0.28010.2048
MinimumVisualStudioVersion = 10.0.40219.1
Project("{FAE04EC0-301F-11D3-BF4B-00C04F79EFBC}") = "MiCalculadora", "MiCalculadora\MiCalculadora.csproj", "{B9228BC7-CA68-46B3-8DE3-AD5C248EA7DE}"
EndProject
Project("{FAE04EC0-301F-11D3-BF4B-00C04F79EFBC}") = "Entidades", "Entidades\Entidades.csproj", "{5969020A-3D51-4CD2-A9F4-C84FAAD93F02}"
EndProject
Global
	GlobalSection(SolutionConfigurationPlatforms) = preSolution
		Debug|Any CPU = Debug|Any CPU
		Release|Any CPU = Release|Any CPU
	EndGlobalSection
	GlobalSection(ProjectConfigurationPlatforms) = postSolution
		{B9228BC7-CA68-46B3-8DE3-AD5C248EA7DE}.Debug|Any CPU.ActiveCfg = Debug|Any CPU
		{B9228BC7-CA68-46B3-8DE3-AD5C248EA7DE}.Debug|Any CPU.Build.0 = Debug|Any CPU
		{B9228BC7-CA68-46B3-8DE3-AD5C248EA7DE}.Release|Any CPU.ActiveCfg = Release|Any CPU
		{B9228BC7-CA68-46B3-8DE3-AD5C248EA7DE}.Release|Any CPU.Build.0 = Release|Any CPU
		{5969020A-3D51-4CD2-A9F4-C84FAAD93F02}.Debug|Any CPU.ActiveCfg = Debug|Any CPU
		{5969020A-3D51-4CD2-A9F4-C84FAAD93F02}.Debug|Any CPU.Build.0 = Debug|Any CPU
		{5969020A-3D51-4CD2-A9F4-C84FAAD93F02}.Release|Any CPU.ActiveCfg = Release|Any CPU
		{5969020A-3D51-4CD2-A9F4-C84FAAD93F02}.Release|Any CPU.Build.0 = Release|Any CPU
	EndGlobalSection
	GlobalSection(SolutionProperties) = preSolution
		HideSolutionNode = FALSE
	EndGlobalSection
	GlobalSection(ExtensibilityGlobals) = postSolution
		SolutionGuid = {A3015FE2-856D-463D-8877-B59F55AEDDD0}
	EndGlobalSection
EndGlobal
