
Microsoft Visual Studio Solution File, Format Version 12.00
# Visual Studio 15
VisualStudioVersion = 15.0.28307.1500
MinimumVisualStudioVersion = 10.0.40219.1
Project("{FAE04EC0-301F-11D3-BF4B-00C04F79EFBC}") = "Application.UI", "Application.UI\Application.UI.csproj", "{22DAF2B3-8F1A-47A8-8AAC-69D912F7A13E}"
EndProject
Project("{FAE04EC0-301F-11D3-BF4B-00C04F79EFBC}") = "Application.Models", "Application.Models\Application.Models.csproj", "{3E67DB7E-D163-40B4-9A00-98C9F4826BEF}"
EndProject
Project("{FAE04EC0-301F-11D3-BF4B-00C04F79EFBC}") = "Application.File", "Application.File\Application.File.csproj", "{345F4606-7008-4B5C-8016-962C9131A280}"
EndProject
Project("{FAE04EC0-301F-11D3-BF4B-00C04F79EFBC}") = "Application.Test.Console", "Application.Test.Console\Application.Test.Console.csproj", "{05BBC476-3F9C-43B2-8C0F-8C7C77F536B8}"
EndProject
Project("{FAE04EC0-301F-11D3-BF4B-00C04F79EFBC}") = "Application.TestUnitario", "Application.TestUnitario\Application.TestUnitario.csproj", "{89AAD8E9-E239-453D-9243-69F5FBFDEBF0}"
EndProject
Global
	GlobalSection(SolutionConfigurationPlatforms) = preSolution
		Debug|Any CPU = Debug|Any CPU
		Release|Any CPU = Release|Any CPU
	EndGlobalSection
	GlobalSection(ProjectConfigurationPlatforms) = postSolution
		{22DAF2B3-8F1A-47A8-8AAC-69D912F7A13E}.Debug|Any CPU.ActiveCfg = Debug|Any CPU
		{22DAF2B3-8F1A-47A8-8AAC-69D912F7A13E}.Debug|Any CPU.Build.0 = Debug|Any CPU
		{22DAF2B3-8F1A-47A8-8AAC-69D912F7A13E}.Release|Any CPU.ActiveCfg = Release|Any CPU
		{22DAF2B3-8F1A-47A8-8AAC-69D912F7A13E}.Release|Any CPU.Build.0 = Release|Any CPU
		{3E67DB7E-D163-40B4-9A00-98C9F4826BEF}.Debug|Any CPU.ActiveCfg = Debug|Any CPU
		{3E67DB7E-D163-40B4-9A00-98C9F4826BEF}.Debug|Any CPU.Build.0 = Debug|Any CPU
		{3E67DB7E-D163-40B4-9A00-98C9F4826BEF}.Release|Any CPU.ActiveCfg = Release|Any CPU
		{3E67DB7E-D163-40B4-9A00-98C9F4826BEF}.Release|Any CPU.Build.0 = Release|Any CPU
		{345F4606-7008-4B5C-8016-962C9131A280}.Debug|Any CPU.ActiveCfg = Debug|Any CPU
		{345F4606-7008-4B5C-8016-962C9131A280}.Debug|Any CPU.Build.0 = Debug|Any CPU
		{345F4606-7008-4B5C-8016-962C9131A280}.Release|Any CPU.ActiveCfg = Release|Any CPU
		{345F4606-7008-4B5C-8016-962C9131A280}.Release|Any CPU.Build.0 = Release|Any CPU
		{05BBC476-3F9C-43B2-8C0F-8C7C77F536B8}.Debug|Any CPU.ActiveCfg = Debug|Any CPU
		{05BBC476-3F9C-43B2-8C0F-8C7C77F536B8}.Debug|Any CPU.Build.0 = Debug|Any CPU
		{05BBC476-3F9C-43B2-8C0F-8C7C77F536B8}.Release|Any CPU.ActiveCfg = Release|Any CPU
		{05BBC476-3F9C-43B2-8C0F-8C7C77F536B8}.Release|Any CPU.Build.0 = Release|Any CPU
		{89AAD8E9-E239-453D-9243-69F5FBFDEBF0}.Debug|Any CPU.ActiveCfg = Debug|Any CPU
		{89AAD8E9-E239-453D-9243-69F5FBFDEBF0}.Debug|Any CPU.Build.0 = Debug|Any CPU
		{89AAD8E9-E239-453D-9243-69F5FBFDEBF0}.Release|Any CPU.ActiveCfg = Release|Any CPU
		{89AAD8E9-E239-453D-9243-69F5FBFDEBF0}.Release|Any CPU.Build.0 = Release|Any CPU
	EndGlobalSection
	GlobalSection(SolutionProperties) = preSolution
		HideSolutionNode = FALSE
	EndGlobalSection
	GlobalSection(ExtensibilityGlobals) = postSolution
		SolutionGuid = {AE7C9692-2278-4F16-B749-CF75A74C9EEB}
	EndGlobalSection
EndGlobal
